
Microsoft Visual Studio Solution File, Format Version 12.00
Project("{FAE04EC0-301F-11D3-BF4B-00C04F79EFBC}") = "BulkyWeb", "BulkyWeb\BulkyWeb.csproj", "{8A46186A-F35D-4505-8DCB-E1307F7A4647}"
EndProject
Project("{FAE04EC0-301F-11D3-BF4B-00C04F79EFBC}") = "BulkyWebRazor_Temp", "BulkyWebRazor_Temp\BulkyWebRazor_Temp.csproj", "{DA64B8E4-CF74-4156-9B31-9BE3E17DF871}"
EndProject
Global
	GlobalSection(SolutionConfigurationPlatforms) = preSolution
		Debug|Any CPU = Debug|Any CPU
		Release|Any CPU = Release|Any CPU
	EndGlobalSection
	GlobalSection(ProjectConfigurationPlatforms) = postSolution
		{8A46186A-F35D-4505-8DCB-E1307F7A4647}.Debug|Any CPU.ActiveCfg = Debug|Any CPU
		{8A46186A-F35D-4505-8DCB-E1307F7A4647}.Debug|Any CPU.Build.0 = Debug|Any CPU
		{8A46186A-F35D-4505-8DCB-E1307F7A4647}.Release|Any CPU.ActiveCfg = Release|Any CPU
		{8A46186A-F35D-4505-8DCB-E1307F7A4647}.Release|Any CPU.Build.0 = Release|Any CPU
		{DA64B8E4-CF74-4156-9B31-9BE3E17DF871}.Debug|Any CPU.ActiveCfg = Debug|Any CPU
		{DA64B8E4-CF74-4156-9B31-9BE3E17DF871}.Debug|Any CPU.Build.0 = Debug|Any CPU
		{DA64B8E4-CF74-4156-9B31-9BE3E17DF871}.Release|Any CPU.ActiveCfg = Release|Any CPU
		{DA64B8E4-CF74-4156-9B31-9BE3E17DF871}.Release|Any CPU.Build.0 = Release|Any CPU
	EndGlobalSection
EndGlobal
